
Microsoft Visual Studio Solution File, Format Version 12.00
# Visual Studio Version 17
VisualStudioVersion = 17.5.33414.496
MinimumVisualStudioVersion = 10.0.40219.1
Project("{FAE04EC0-301F-11D3-BF4B-00C04F79EFBC}") = "CinemaManagment", "CinemaManagment\CinemaManagment.csproj", "{D9036CF5-09BE-49EB-AC6D-CE3D110426DC}"
EndProject
Global
	GlobalSection(SolutionConfigurationPlatforms) = preSolution
		Debug|Any CPU = Debug|Any CPU
		Release|Any CPU = Release|Any CPU
	EndGlobalSection
	GlobalSection(ProjectConfigurationPlatforms) = postSolution
		{D9036CF5-09BE-49EB-AC6D-CE3D110426DC}.Debug|Any CPU.ActiveCfg = Debug|Any CPU
		{D9036CF5-09BE-49EB-AC6D-CE3D110426DC}.Debug|Any CPU.Build.0 = Debug|Any CPU
		{D9036CF5-09BE-49EB-AC6D-CE3D110426DC}.Release|Any CPU.ActiveCfg = Release|Any CPU
		{D9036CF5-09BE-49EB-AC6D-CE3D110426DC}.Release|Any CPU.Build.0 = Release|Any CPU
	EndGlobalSection
	GlobalSection(SolutionProperties) = preSolution
		HideSolutionNode = FALSE
	EndGlobalSection
	GlobalSection(ExtensibilityGlobals) = postSolution
		SolutionGuid = {16D49F5E-9323-4AD7-A69E-6D91BA6420AB}
	EndGlobalSection
EndGlobal
